
Microsoft Visual Studio Solution File, Format Version 12.00
# Visual Studio Version 17
VisualStudioVersion = 17.7.34031.279
MinimumVisualStudioVersion = 10.0.40219.1
Project("{FAE04EC0-301F-11D3-BF4B-00C04F79EFBC}") = "Image_Practice", "Image_Practice\Image_Practice.csproj", "{DE516BFF-4877-44BA-81BF-25377754FB30}"
EndProject
Global
	GlobalSection(SolutionConfigurationPlatforms) = preSolution
		Debug|Any CPU = Debug|Any CPU
		Release|Any CPU = Release|Any CPU
	EndGlobalSection
	GlobalSection(ProjectConfigurationPlatforms) = postSolution
		{DE516BFF-4877-44BA-81BF-25377754FB30}.Debug|Any CPU.ActiveCfg = Debug|Any CPU
		{DE516BFF-4877-44BA-81BF-25377754FB30}.Debug|Any CPU.Build.0 = Debug|Any CPU
		{DE516BFF-4877-44BA-81BF-25377754FB30}.Release|Any CPU.ActiveCfg = Release|Any CPU
		{DE516BFF-4877-44BA-81BF-25377754FB30}.Release|Any CPU.Build.0 = Release|Any CPU
	EndGlobalSection
	GlobalSection(SolutionProperties) = preSolution
		HideSolutionNode = FALSE
	EndGlobalSection
	GlobalSection(ExtensibilityGlobals) = postSolution
		SolutionGuid = {951F97E8-E069-4EFB-A29A-66C7A30BFEE2}
	EndGlobalSection
EndGlobal
